// !$*UTF8*$!
{
	archiveVersion = 1;
	classes = {
	};
	objectVersion = 77;
	objects = {

/* Begin PBXBuildFile section */
		5175FF9D2D56753B00CCB0D3 /* AnimationsListView.swift in Sources */ = {isa = PBXBuildFile; fileRef = 5175FF992D56753B00CCB0D3 /* AnimationsListView.swift */; };
		5175FF9E2D56753B00CCB0D3 /* LottieAnimationsListApp.swift in Sources */ = {isa = PBXBuildFile; fileRef = 5175FF9B2D56753B00CCB0D3 /* LottieAnimationsListApp.swift */; };
		5175FF9F2D56753B00CCB0D3 /* Preview Assets.xcassets in Resources */ = {isa = PBXBuildFile; fileRef = 5175FF972D56753B00CCB0D3 /* Preview Assets.xcassets */; };
		5175FFA02D56753B00CCB0D3 /* Assets.xcassets in Resources */ = {isa = PBXBuildFile; fileRef = 5175FF9A2D56753B00CCB0D3 /* Assets.xcassets */; };
		5175FFA62D56774400CCB0D3 /* Lottie in Frameworks */ = {isa = PBXBuildFile; productRef = 5175FFA52D56774400CCB0D3 /* Lottie */; };
/* End PBXBuildFile section */

/* Begin PBXFileReference section */
		5175FF862D56741800CCB0D3 /* LottieAnimationsList.app */ = {isa = PBXFileReference; explicitFileType = wrapper.application; includeInIndex = 0; path = LottieAnimationsList.app; sourceTree = BUILT_PRODUCTS_DIR; };
		5175FF972D56753B00CCB0D3 /* Preview Assets.xcassets */ = {isa = PBXFileReference; lastKnownFileType = folder.assetcatalog; path = "Preview Assets.xcassets"; sourceTree = "<group>"; };
		5175FF992D56753B00CCB0D3 /* AnimationsListView.swift */ = {isa = PBXFileReference; lastKnownFileType = sourcecode.swift; path = AnimationsListView.swift; sourceTree = "<group>"; };
		5175FF9A2D56753B00CCB0D3 /* Assets.xcassets */ = {isa = PBXFileReference; lastKnownFileType = folder.assetcatalog; path = Assets.xcassets; sourceTree = "<group>"; };
		5175FF9B2D56753B00CCB0D3 /* LottieAnimationsListApp.swift */ = {isa = PBXFileReference; lastKnownFileType = sourcecode.swift; path = LottieAnimationsListApp.swift; sourceTree = "<group>"; };
/* End PBXFileReference section */

/* Begin PBXFrameworksBuildPhase section */
		5175FF832D56741800CCB0D3 /* Frameworks */ = {
			isa = PBXFrameworksBuildPhase;
			buildActionMask = 2147483647;
			files = (
				5175FFA62D56774400CCB0D3 /* Lottie in Frameworks */,
			);
			runOnlyForDeploymentPostprocessing = 0;
		};
/* End PBXFrameworksBuildPhase section */

/* Begin PBXGroup section */
		5175FF7D2D56741800CCB0D3 = {
			isa = PBXGroup;
			children = (
				5175FF9C2D56753B00CCB0D3 /* LottieAnimationsList */,
				5175FF872D56741800CCB0D3 /* Products */,
			);
			sourceTree = "<group>";
		};
		5175FF872D56741800CCB0D3 /* Products */ = {
			isa = PBXGroup;
			children = (
				5175FF862D56741800CCB0D3 /* LottieAnimationsList.app */,
			);
			name = Products;
			sourceTree = "<group>";
		};
		5175FF982D56753B00CCB0D3 /* Preview Content */ = {
			isa = PBXGroup;
			children = (
				5175FF972D56753B00CCB0D3 /* Preview Assets.xcassets */,
			);
			path = "Preview Content";
			sourceTree = "<group>";
		};
		5175FF9C2D56753B00CCB0D3 /* LottieAnimationsList */ = {
			isa = PBXGroup;
			children = (
				5175FF9B2D56753B00CCB0D3 /* LottieAnimationsListApp.swift */,
				5175FFA32D56756D00CCB0D3 /* Model */,
				5175FFA12D56754700CCB0D3 /* Views */,
				5175FF982D56753B00CCB0D3 /* Preview Content */,
				5175FF9A2D56753B00CCB0D3 /* Assets.xcassets */,
			);
			path = LottieAnimationsList;
			sourceTree = "<group>";
		};
		5175FFA12D56754700CCB0D3 /* Views */ = {
			isa = PBXGroup;
			children = (
				5175FF992D56753B00CCB0D3 /* AnimationsListView.swift */,
			);
			path = Views;
			sourceTree = "<group>";
		};
		5175FFA32D56756D00CCB0D3 /* Model */ = {
			isa = PBXGroup;
			children = (
			);
			path = Model;
			sourceTree = "<group>";
		};
/* End PBXGroup section */

/* Begin PBXNativeTarget section */
		5175FF852D56741800CCB0D3 /* LottieAnimationsList */ = {
			isa = PBXNativeTarget;
			buildConfigurationList = 5175FF942D56741B00CCB0D3 /* Build configuration list for PBXNativeTarget "LottieAnimationsList" */;
			buildPhases = (
				5175FF822D56741800CCB0D3 /* Sources */,
				5175FF832D56741800CCB0D3 /* Frameworks */,
				5175FF842D56741800CCB0D3 /* Resources */,
			);
			buildRules = (
			);
			dependencies = (
			);
			name = LottieAnimationsList;
			packageProductDependencies = (
				5175FFA52D56774400CCB0D3 /* Lottie */,
			);
			productName = LottieAnimationsList;
			productReference = 5175FF862D56741800CCB0D3 /* LottieAnimationsList.app */;
			productType = "com.apple.product-type.application";
		};
/* End PBXNativeTarget section */

/* Begin PBXProject section */
		5175FF7E2D56741800CCB0D3 /* Project object */ = {
			isa = PBXProject;
			attributes = {
				BuildIndependentTargetsInParallel = 1;
				LastSwiftUpdateCheck = 1600;
				LastUpgradeCheck = 1600;
				TargetAttributes = {
					5175FF852D56741800CCB0D3 = {
						CreatedOnToolsVersion = 16.0;
					};
				};
			};
			buildConfigurationList = 5175FF812D56741800CCB0D3 /* Build configuration list for PBXProject "LottieAnimationsList" */;
			developmentRegion = en;
			hasScannedForEncodings = 0;
			knownRegions = (
				en,
				Base,
			);
			mainGroup = 5175FF7D2D56741800CCB0D3;
			minimizedProjectReferenceProxies = 1;
			packageReferences = (
				5175FFA42D56774400CCB0D3 /* XCRemoteSwiftPackageReference "lottie-ios" */,
			);
			preferredProjectObjectVersion = 77;
			productRefGroup = 5175FF872D56741800CCB0D3 /* Products */;
			projectDirPath = "";
			projectRoot = "";
			targets = (
				5175FF852D56741800CCB0D3 /* LottieAnimationsList */,
			);
		};
/* End PBXProject section */

/* Begin PBXResourcesBuildPhase section */
		5175FF842D56741800CCB0D3 /* Resources */ = {
			isa = PBXResourcesBuildPhase;
			buildActionMask = 2147483647;
			files = (
				5175FF9F2D56753B00CCB0D3 /* Preview Assets.xcassets in Resources */,
				5175FFA02D56753B00CCB0D3 /* Assets.xcassets in Resources */,
			);
			runOnlyForDeploymentPostprocessing = 0;
		};
/* End PBXResourcesBuildPhase section */

/* Begin PBXSourcesBuildPhase section */
		5175FF822D56741800CCB0D3 /* Sources */ = {
			isa = PBXSourcesBuildPhase;
			buildActionMask = 2147483647;
			files = (
				5175FF9D2D56753B00CCB0D3 /* AnimationsListView.swift in Sources */,
				5175FF9E2D56753B00CCB0D3 /* LottieAnimationsListApp.swift in Sources */,
			);
			runOnlyForDeploymentPostprocessing = 0;
		};
/* End PBXSourcesBuildPhase section */

/* Begin XCBuildConfiguration section */
		5175FF922D56741B00CCB0D3 /* Debug */ = {
			isa = XCBuildConfiguration;
			buildSettings = {
				ALWAYS_SEARCH_USER_PATHS = NO;
				ASSETCATALOG_COMPILER_GENERATE_SWIFT_ASSET_SYMBOL_EXTENSIONS = YES;
				CLANG_ANALYZER_NONNULL = YES;
				CLANG_ANALYZER_NUMBER_OBJECT_CONVERSION = YES_AGGRESSIVE;
				CLANG_CXX_LANGUAGE_STANDARD = "gnu++20";
				CLANG_ENABLE_MODULES = YES;
				CLANG_ENABLE_OBJC_ARC = YES;
				CLANG_ENABLE_OBJC_WEAK = YES;
				CLANG_WARN_BLOCK_CAPTURE_AUTORELEASING = YES;
				CLANG_WARN_BOOL_CONVERSION = YES;
				CLANG_WARN_COMMA = YES;
				CLANG_WARN_CONSTANT_CONVERSION = YES;
				CLANG_WARN_DEPRECATED_OBJC_IMPLEMENTATIONS = YES;
				CLANG_WARN_DIRECT_OBJC_ISA_USAGE = YES_ERROR;
				CLANG_WARN_DOCUMENTATION_COMMENTS = YES;
				CLANG_WARN_EMPTY_BODY = YES;
				CLANG_WARN_ENUM_CONVERSION = YES;
				CLANG_WARN_INFINITE_RECURSION = YES;
				CLANG_WARN_INT_CONVERSION = YES;
				CLANG_WARN_NON_LITERAL_NULL_CONVERSION = YES;
				CLANG_WARN_OBJC_IMPLICIT_RETAIN_SELF = YES;
				CLANG_WARN_OBJC_LITERAL_CONVERSION = YES;
				CLANG_WARN_OBJC_ROOT_CLASS = YES_ERROR;
				CLANG_WARN_QUOTED_INCLUDE_IN_FRAMEWORK_HEADER = YES;
				CLANG_WARN_RANGE_LOOP_ANALYSIS = YES;
				CLANG_WARN_STRICT_PROTOTYPES = YES;
				CLANG_WARN_SUSPICIOUS_MOVE = YES;
				CLANG_WARN_UNGUARDED_AVAILABILITY = YES_AGGRESSIVE;
				CLANG_WARN_UNREACHABLE_CODE = YES;
				CLANG_WARN__DUPLICATE_METHOD_MATCH = YES;
				COPY_PHASE_STRIP = NO;
				DEBUG_INFORMATION_FORMAT = dwarf;
				ENABLE_STRICT_OBJC_MSGSEND = YES;
				ENABLE_TESTABILITY = YES;
				ENABLE_USER_SCRIPT_SANDBOXING = YES;
				GCC_C_LANGUAGE_STANDARD = gnu17;
				GCC_DYNAMIC_NO_PIC = NO;
				GCC_NO_COMMON_BLOCKS = YES;
				GCC_OPTIMIZATION_LEVEL = 0;
				GCC_PREPROCESSOR_DEFINITIONS = (
					"DEBUG=1",
					"$(inherited)",
				);
				GCC_WARN_64_TO_32_BIT_CONVERSION = YES;
				GCC_WARN_ABOUT_RETURN_TYPE = YES_ERROR;
				GCC_WARN_UNDECLARED_SELECTOR = YES;
				GCC_WARN_UNINITIALIZED_AUTOS = YES_AGGRESSIVE;
				GCC_WARN_UNUSED_FUNCTION = YES;
				GCC_WARN_UNUSED_VARIABLE = YES;
				IPHONEOS_DEPLOYMENT_TARGET = 18.0;
				LOCALIZATION_PREFERS_STRING_CATALOGS = YES;
				MTL_ENABLE_DEBUG_INFO = INCLUDE_SOURCE;
				MTL_FAST_MATH = YES;
				ONLY_ACTIVE_ARCH = YES;
				SDKROOT = iphoneos;
				SWIFT_ACTIVE_COMPILATION_CONDITIONS = "DEBUG $(inherited)";
				SWIFT_OPTIMIZATION_LEVEL = "-Onone";
			};
			name = Debug;
		};
		5175FF932D56741B00CCB0D3 /* Release */ = {
			isa = XCBuildConfiguration;
			buildSettings = {
				ALWAYS_SEARCH_USER_PATHS = NO;
				ASSETCATALOG_COMPILER_GENERATE_SWIFT_ASSET_SYMBOL_EXTENSIONS = YES;
				CLANG_ANALYZER_NONNULL = YES;
				CLANG_ANALYZER_NUMBER_OBJECT_CONVERSION = YES_AGGRESSIVE;
				CLANG_CXX_LANGUAGE_STANDARD = "gnu++20";
				CLANG_ENABLE_MODULES = YES;
				CLANG_ENABLE_OBJC_ARC = YES;
				CLANG_ENABLE_OBJC_WEAK = YES;
				CLANG_WARN_BLOCK_CAPTURE_AUTORELEASING = YES;
				CLANG_WARN_BOOL_CONVERSION = YES;
				CLANG_WARN_COMMA = YES;
				CLANG_WARN_CONSTANT_CONVERSION = YES;
				CLANG_WARN_DEPRECATED_OBJC_IMPLEMENTATIONS = YES;
				CLANG_WARN_DIRECT_OBJC_ISA_USAGE = YES_ERROR;
				CLANG_WARN_DOCUMENTATION_COMMENTS = YES;
				CLANG_WARN_EMPTY_BODY = YES;
				CLANG_WARN_ENUM_CONVERSION = YES;
				CLANG_WARN_INFINITE_RECURSION = YES;
				CLANG_WARN_INT_CONVERSION = YES;
				CLANG_WARN_NON_LITERAL_NULL_CONVERSION = YES;
				CLANG_WARN_OBJC_IMPLICIT_RETAIN_SELF = YES;
				CLANG_WARN_OBJC_LITERAL_CONVERSION = YES;
				CLANG_WARN_OBJC_ROOT_CLASS = YES_ERROR;
				CLANG_WARN_QUOTED_INCLUDE_IN_FRAMEWORK_HEADER = YES;
				CLANG_WARN_RANGE_LOOP_ANALYSIS = YES;
				CLANG_WARN_STRICT_PROTOTYPES = YES;
				CLANG_WARN_SUSPICIOUS_MOVE = YES;
				CLANG_WARN_UNGUARDED_AVAILABILITY = YES_AGGRESSIVE;
				CLANG_WARN_UNREACHABLE_CODE = YES;
				CLANG_WARN__DUPLICATE_METHOD_MATCH = YES;
				COPY_PHASE_STRIP = NO;
				DEBUG_INFORMATION_FORMAT = "dwarf-with-dsym";
				ENABLE_NS_ASSERTIONS = NO;
				ENABLE_STRICT_OBJC_MSGSEND = YES;
				ENABLE_USER_SCRIPT_SANDBOXING = YES;
				GCC_C_LANGUAGE_STANDARD = gnu17;
				GCC_NO_COMMON_BLOCKS = YES;
				GCC_WARN_64_TO_32_BIT_CONVERSION = YES;
				GCC_WARN_ABOUT_RETURN_TYPE = YES_ERROR;
				GCC_WARN_UNDECLARED_SELECTOR = YES;
				GCC_WARN_UNINITIALIZED_AUTOS = YES_AGGRESSIVE;
				GCC_WARN_UNUSED_FUNCTION = YES;
				GCC_WARN_UNUSED_VARIABLE = YES;
				IPHONEOS_DEPLOYMENT_TARGET = 18.0;
				LOCALIZATION_PREFERS_STRING_CATALOGS = YES;
				MTL_ENABLE_DEBUG_INFO = NO;
				MTL_FAST_MATH = YES;
				SDKROOT = iphoneos;
				SWIFT_COMPILATION_MODE = wholemodule;
				VALIDATE_PRODUCT = YES;
			};
			name = Release;
		};
		5175FF952D56741B00CCB0D3 /* Debug */ = {
			isa = XCBuildConfiguration;
			buildSettings = {
				ASSETCATALOG_COMPILER_APPICON_NAME = AppIcon;
				ASSETCATALOG_COMPILER_GLOBAL_ACCENT_COLOR_NAME = AccentColor;
				CODE_SIGN_STYLE = Automatic;
				CURRENT_PROJECT_VERSION = 1;
				DEVELOPMENT_ASSET_PATHS = "\"LottieAnimationsList/Preview Content\"";
				DEVELOPMENT_TEAM = 4UG443984D;
				ENABLE_PREVIEWS = YES;
				GENERATE_INFOPLIST_FILE = YES;
				INFOPLIST_KEY_UIApplicationSceneManifest_Generation = YES;
				INFOPLIST_KEY_UIApplicationSupportsIndirectInputEvents = YES;
				INFOPLIST_KEY_UILaunchScreen_Generation = YES;
				INFOPLIST_KEY_UISupportedInterfaceOrientations_iPad = "UIInterfaceOrientationPortrait UIInterfaceOrientationPortraitUpsideDown UIInterfaceOrientationLandscapeLeft UIInterfaceOrientationLandscapeRight";
				INFOPLIST_KEY_UISupportedInterfaceOrientations_iPhone = "UIInterfaceOrientationPortrait UIInterfaceOrientationLandscapeLeft UIInterfaceOrientationLandscapeRight";
				LD_RUNPATH_SEARCH_PATHS = (
					"$(inherited)",
					"@executable_path/Frameworks",
				);
				MARKETING_VERSION = 1.0;
				PRODUCT_BUNDLE_IDENTIFIER = ca.tiffanyzhang.LottieAnimationsList;
				PRODUCT_NAME = "$(TARGET_NAME)";
				SWIFT_EMIT_LOC_STRINGS = YES;
				SWIFT_VERSION = 5.0;
				TARGETED_DEVICE_FAMILY = "1,2";
			};
			name = Debug;
		};
		5175FF962D56741B00CCB0D3 /* Release */ = {
			isa = XCBuildConfiguration;
			buildSettings = {
				ASSETCATALOG_COMPILER_APPICON_NAME = AppIcon;
				ASSETCATALOG_COMPILER_GLOBAL_ACCENT_COLOR_NAME = AccentColor;
				CODE_SIGN_STYLE = Automatic;
				CURRENT_PROJECT_VERSION = 1;
				DEVELOPMENT_ASSET_PATHS = "\"LottieAnimationsList/Preview Content\"";
				DEVELOPMENT_TEAM = 4UG443984D;
				ENABLE_PREVIEWS = YES;
				GENERATE_INFOPLIST_FILE = YES;
				INFOPLIST_KEY_UIApplicationSceneManifest_Generation = YES;
				INFOPLIST_KEY_UIApplicationSupportsIndirectInputEvents = YES;
				INFOPLIST_KEY_UILaunchScreen_Generation = YES;
				INFOPLIST_KEY_UISupportedInterfaceOrientations_iPad = "UIInterfaceOrientationPortrait UIInterfaceOrientationPortraitUpsideDown UIInterfaceOrientationLandscapeLeft UIInterfaceOrientationLandscapeRight";
				INFOPLIST_KEY_UISupportedInterfaceOrientations_iPhone = "UIInterfaceOrientationPortrait UIInterfaceOrientationLandscapeLeft UIInterfaceOrientationLandscapeRight";
				LD_RUNPATH_SEARCH_PATHS = (
					"$(inherited)",
					"@executable_path/Frameworks",
				);
				MARKETING_VERSION = 1.0;
				PRODUCT_BUNDLE_IDENTIFIER = ca.tiffanyzhang.LottieAnimationsList;
				PRODUCT_NAME = "$(TARGET_NAME)";
				SWIFT_EMIT_LOC_STRINGS = YES;
				SWIFT_VERSION = 5.0;
				TARGETED_DEVICE_FAMILY = "1,2";
			};
			name = Release;
		};
/* End XCBuildConfiguration section */

/* Begin XCConfigurationList section */
		5175FF812D56741800CCB0D3 /* Build configuration list for PBXProject "LottieAnimationsList" */ = {
			isa = XCConfigurationList;
			buildConfigurations = (
				5175FF922D56741B00CCB0D3 /* Debug */,
				5175FF932D56741B00CCB0D3 /* Release */,
			);
			defaultConfigurationIsVisible = 0;
			defaultConfigurationName = Release;
		};
		5175FF942D56741B00CCB0D3 /* Build configuration list for PBXNativeTarget "LottieAnimationsList" */ = {
			isa = XCConfigurationList;
			buildConfigurations = (
				5175FF952D56741B00CCB0D3 /* Debug */,
				5175FF962D56741B00CCB0D3 /* Release */,
			);
			defaultConfigurationIsVisible = 0;
			defaultConfigurationName = Release;
		};
/* End XCConfigurationList section */

/* Begin XCRemoteSwiftPackageReference section */
		5175FFA42D56774400CCB0D3 /* XCRemoteSwiftPackageReference "lottie-ios" */ = {
			isa = XCRemoteSwiftPackageReference;
			repositoryURL = "https://github.com/airbnb/lottie-ios";
			requirement = {
				kind = upToNextMajorVersion;
				minimumVersion = 4.5.1;
			};
		};
/* End XCRemoteSwiftPackageReference section */

/* Begin XCSwiftPackageProductDependency section */
		5175FFA52D56774400CCB0D3 /* Lottie */ = {
			isa = XCSwiftPackageProductDependency;
			package = 5175FFA42D56774400CCB0D3 /* XCRemoteSwiftPackageReference "lottie-ios" */;
			productName = Lottie;
		};
/* End XCSwiftPackageProductDependency section */
	};
	rootObject = 5175FF7E2D56741800CCB0D3 /* Project object */;
}
